// !$*UTF8*$!
{
	archiveVersion = 1;
	classes = {
	};
	objectVersion = 56;
	objects = {

/* Begin PBXBuildFile section */
		67B74CB12C2824BE00850318 /* AppDelegate.swift in Sources */ = {isa = PBXBuildFile; fileRef = 67B74CB02C2824BE00850318 /* AppDelegate.swift */; };
		67B74CB32C2824BE00850318 /* SceneDelegate.swift in Sources */ = {isa = PBXBuildFile; fileRef = 67B74CB22C2824BE00850318 /* SceneDelegate.swift */; };
		67B74CB52C2824BE00850318 /* ZikirlerVC.swift in Sources */ = {isa = PBXBuildFile; fileRef = 67B74CB42C2824BE00850318 /* ZikirlerVC.swift */; };
		67B74CB82C2824BE00850318 /* Main.storyboard in Resources */ = {isa = PBXBuildFile; fileRef = 67B74CB62C2824BE00850318 /* Main.storyboard */; };
		67B74CBB2C2824BE00850318 /* TapApp.xcdatamodeld in Sources */ = {isa = PBXBuildFile; fileRef = 67B74CB92C2824BE00850318 /* TapApp.xcdatamodeld */; };
		67B74CBD2C2824BF00850318 /* Assets.xcassets in Resources */ = {isa = PBXBuildFile; fileRef = 67B74CBC2C2824BF00850318 /* Assets.xcassets */; };
		67B74CC02C2824C000850318 /* LaunchScreen.storyboard in Resources */ = {isa = PBXBuildFile; fileRef = 67B74CBE2C2824C000850318 /* LaunchScreen.storyboard */; };
		67B74CCB2C2824C000850318 /* TapAppTests.swift in Sources */ = {isa = PBXBuildFile; fileRef = 67B74CCA2C2824C000850318 /* TapAppTests.swift */; };
		67B74CD52C2824C000850318 /* TapAppUITests.swift in Sources */ = {isa = PBXBuildFile; fileRef = 67B74CD42C2824C000850318 /* TapAppUITests.swift */; };
		67B74CD72C2824C000850318 /* TapAppUITestsLaunchTests.swift in Sources */ = {isa = PBXBuildFile; fileRef = 67B74CD62C2824C000850318 /* TapAppUITestsLaunchTests.swift */; };
		67B74CE42C2828B300850318 /* ZikirVC.swift in Sources */ = {isa = PBXBuildFile; fileRef = 67B74CE32C2828B300850318 /* ZikirVC.swift */; };
		67B74CE62C2828E500850318 /* ZikirCell.swift in Sources */ = {isa = PBXBuildFile; fileRef = 67B74CE52C2828E500850318 /* ZikirCell.swift */; };
		67B74CE82C282C9800850318 /* ZikirAddVC.swift in Sources */ = {isa = PBXBuildFile; fileRef = 67B74CE72C282C9800850318 /* ZikirAddVC.swift */; };
/* End PBXBuildFile section */

/* Begin PBXContainerItemProxy section */
		67B74CC72C2824C000850318 /* PBXContainerItemProxy */ = {
			isa = PBXContainerItemProxy;
			containerPortal = 67B74CA52C2824BE00850318 /* Project object */;
			proxyType = 1;
			remoteGlobalIDString = 67B74CAC2C2824BE00850318;
			remoteInfo = TapApp;
		};
		67B74CD12C2824C000850318 /* PBXContainerItemProxy */ = {
			isa = PBXContainerItemProxy;
			containerPortal = 67B74CA52C2824BE00850318 /* Project object */;
			proxyType = 1;
			remoteGlobalIDString = 67B74CAC2C2824BE00850318;
			remoteInfo = TapApp;
		};
/* End PBXContainerItemProxy section */

/* Begin PBXFileReference section */
		67B74CAD2C2824BE00850318 /* TapApp.app */ = {isa = PBXFileReference; explicitFileType = wrapper.application; includeInIndex = 0; path = TapApp.app; sourceTree = BUILT_PRODUCTS_DIR; };
		67B74CB02C2824BE00850318 /* AppDelegate.swift */ = {isa = PBXFileReference; lastKnownFileType = sourcecode.swift; path = AppDelegate.swift; sourceTree = "<group>"; };
		67B74CB22C2824BE00850318 /* SceneDelegate.swift */ = {isa = PBXFileReference; lastKnownFileType = sourcecode.swift; path = SceneDelegate.swift; sourceTree = "<group>"; };
		67B74CB42C2824BE00850318 /* ZikirlerVC.swift */ = {isa = PBXFileReference; lastKnownFileType = sourcecode.swift; path = ZikirlerVC.swift; sourceTree = "<group>"; };
		67B74CB72C2824BE00850318 /* Base */ = {isa = PBXFileReference; lastKnownFileType = file.storyboard; name = Base; path = Base.lproj/Main.storyboard; sourceTree = "<group>"; };
		67B74CBA2C2824BE00850318 /* TapApp.xcdatamodel */ = {isa = PBXFileReference; lastKnownFileType = wrapper.xcdatamodel; path = TapApp.xcdatamodel; sourceTree = "<group>"; };
		67B74CBC2C2824BF00850318 /* Assets.xcassets */ = {isa = PBXFileReference; lastKnownFileType = folder.assetcatalog; path = Assets.xcassets; sourceTree = "<group>"; };
		67B74CBF2C2824C000850318 /* Base */ = {isa = PBXFileReference; lastKnownFileType = file.storyboard; name = Base; path = Base.lproj/LaunchScreen.storyboard; sourceTree = "<group>"; };
		67B74CC12C2824C000850318 /* Info.plist */ = {isa = PBXFileReference; lastKnownFileType = text.plist.xml; path = Info.plist; sourceTree = "<group>"; };
		67B74CC62C2824C000850318 /* TapAppTests.xctest */ = {isa = PBXFileReference; explicitFileType = wrapper.cfbundle; includeInIndex = 0; path = TapAppTests.xctest; sourceTree = BUILT_PRODUCTS_DIR; };
		67B74CCA2C2824C000850318 /* TapAppTests.swift */ = {isa = PBXFileReference; lastKnownFileType = sourcecode.swift; path = TapAppTests.swift; sourceTree = "<group>"; };
		67B74CD02C2824C000850318 /* TapAppUITests.xctest */ = {isa = PBXFileReference; explicitFileType = wrapper.cfbundle; includeInIndex = 0; path = TapAppUITests.xctest; sourceTree = BUILT_PRODUCTS_DIR; };
		67B74CD42C2824C000850318 /* TapAppUITests.swift */ = {isa = PBXFileReference; lastKnownFileType = sourcecode.swift; path = TapAppUITests.swift; sourceTree = "<group>"; };
		67B74CD62C2824C000850318 /* TapAppUITestsLaunchTests.swift */ = {isa = PBXFileReference; lastKnownFileType = sourcecode.swift; path = TapAppUITestsLaunchTests.swift; sourceTree = "<group>"; };
		67B74CE32C2828B300850318 /* ZikirVC.swift */ = {isa = PBXFileReference; lastKnownFileType = sourcecode.swift; path = ZikirVC.swift; sourceTree = "<group>"; };
		67B74CE52C2828E500850318 /* ZikirCell.swift */ = {isa = PBXFileReference; lastKnownFileType = sourcecode.swift; path = ZikirCell.swift; sourceTree = "<group>"; };
		67B74CE72C282C9800850318 /* ZikirAddVC.swift */ = {isa = PBXFileReference; lastKnownFileType = sourcecode.swift; path = ZikirAddVC.swift; sourceTree = "<group>"; };
/* End PBXFileReference section */

/* Begin PBXFrameworksBuildPhase section */
		67B74CAA2C2824BE00850318 /* Frameworks */ = {
			isa = PBXFrameworksBuildPhase;
			buildActionMask = 2147483647;
			files = (
			);
			runOnlyForDeploymentPostprocessing = 0;
		};
		67B74CC32C2824C000850318 /* Frameworks */ = {
			isa = PBXFrameworksBuildPhase;
			buildActionMask = 2147483647;
			files = (
			);
			runOnlyForDeploymentPostprocessing = 0;
		};
		67B74CCD2C2824C000850318 /* Frameworks */ = {
			isa = PBXFrameworksBuildPhase;
			buildActionMask = 2147483647;
			files = (
			);
			runOnlyForDeploymentPostprocessing = 0;
		};
/* End PBXFrameworksBuildPhase section */

/* Begin PBXGroup section */
		67B74CA42C2824BE00850318 = {
			isa = PBXGroup;
			children = (
				67B74CAF2C2824BE00850318 /* TapApp */,
				67B74CC92C2824C000850318 /* TapAppTests */,
				67B74CD32C2824C000850318 /* TapAppUITests */,
				67B74CAE2C2824BE00850318 /* Products */,
			);
			sourceTree = "<group>";
		};
		67B74CAE2C2824BE00850318 /* Products */ = {
			isa = PBXGroup;
			children = (
				67B74CAD2C2824BE00850318 /* TapApp.app */,
				67B74CC62C2824C000850318 /* TapAppTests.xctest */,
				67B74CD02C2824C000850318 /* TapAppUITests.xctest */,
			);
			name = Products;
			sourceTree = "<group>";
		};
		67B74CAF2C2824BE00850318 /* TapApp */ = {
			isa = PBXGroup;
			children = (
				67B74CB02C2824BE00850318 /* AppDelegate.swift */,
				67B74CB22C2824BE00850318 /* SceneDelegate.swift */,
				67B74CB42C2824BE00850318 /* ZikirlerVC.swift */,
				67B74CE32C2828B300850318 /* ZikirVC.swift */,
				67B74CE72C282C9800850318 /* ZikirAddVC.swift */,
				67B74CE52C2828E500850318 /* ZikirCell.swift */,
				67B74CB62C2824BE00850318 /* Main.storyboard */,
				67B74CBC2C2824BF00850318 /* Assets.xcassets */,
				67B74CBE2C2824C000850318 /* LaunchScreen.storyboard */,
				67B74CC12C2824C000850318 /* Info.plist */,
				67B74CB92C2824BE00850318 /* TapApp.xcdatamodeld */,
			);
			path = TapApp;
			sourceTree = "<group>";
		};
		67B74CC92C2824C000850318 /* TapAppTests */ = {
			isa = PBXGroup;
			children = (
				67B74CCA2C2824C000850318 /* TapAppTests.swift */,
			);
			path = TapAppTests;
			sourceTree = "<group>";
		};
		67B74CD32C2824C000850318 /* TapAppUITests */ = {
			isa = PBXGroup;
			children = (
				67B74CD42C2824C000850318 /* TapAppUITests.swift */,
				67B74CD62C2824C000850318 /* TapAppUITestsLaunchTests.swift */,
			);
			path = TapAppUITests;
			sourceTree = "<group>";
		};
/* End PBXGroup section */

/* Begin PBXNativeTarget section */
		67B74CAC2C2824BE00850318 /* TapApp */ = {
			isa = PBXNativeTarget;
			buildConfigurationList = 67B74CDA2C2824C000850318 /* Build configuration list for PBXNativeTarget "TapApp" */;
			buildPhases = (
				67B74CA92C2824BE00850318 /* Sources */,
				67B74CAA2C2824BE00850318 /* Frameworks */,
				67B74CAB2C2824BE00850318 /* Resources */,
			);
			buildRules = (
			);
			dependencies = (
			);
			name = TapApp;
			productName = TapApp;
			productReference = 67B74CAD2C2824BE00850318 /* TapApp.app */;
			productType = "com.apple.product-type.application";
		};
		67B74CC52C2824C000850318 /* TapAppTests */ = {
			isa = PBXNativeTarget;
			buildConfigurationList = 67B74CDD2C2824C000850318 /* Build configuration list for PBXNativeTarget "TapAppTests" */;
			buildPhases = (
				67B74CC22C2824C000850318 /* Sources */,
				67B74CC32C2824C000850318 /* Frameworks */,
				67B74CC42C2824C000850318 /* Resources */,
			);
			buildRules = (
			);
			dependencies = (
				67B74CC82C2824C000850318 /* PBXTargetDependency */,
			);
			name = TapAppTests;
			productName = TapAppTests;
			productReference = 67B74CC62C2824C000850318 /* TapAppTests.xctest */;
			productType = "com.apple.product-type.bundle.unit-test";
		};
		67B74CCF2C2824C000850318 /* TapAppUITests */ = {
			isa = PBXNativeTarget;
			buildConfigurationList = 67B74CE02C2824C000850318 /* Build configuration list for PBXNativeTarget "TapAppUITests" */;
			buildPhases = (
				67B74CCC2C2824C000850318 /* Sources */,
				67B74CCD2C2824C000850318 /* Frameworks */,
				67B74CCE2C2824C000850318 /* Resources */,
			);
			buildRules = (
			);
			dependencies = (
				67B74CD22C2824C000850318 /* PBXTargetDependency */,
			);
			name = TapAppUITests;
			productName = TapAppUITests;
			productReference = 67B74CD02C2824C000850318 /* TapAppUITests.xctest */;
			productType = "com.apple.product-type.bundle.ui-testing";
		};
/* End PBXNativeTarget section */

/* Begin PBXProject section */
		67B74CA52C2824BE00850318 /* Project object */ = {
			isa = PBXProject;
			attributes = {
				BuildIndependentTargetsInParallel = 1;
				LastSwiftUpdateCheck = 1510;
				LastUpgradeCheck = 1510;
				TargetAttributes = {
					67B74CAC2C2824BE00850318 = {
						CreatedOnToolsVersion = 15.1;
					};
					67B74CC52C2824C000850318 = {
						CreatedOnToolsVersion = 15.1;
						TestTargetID = 67B74CAC2C2824BE00850318;
					};
					67B74CCF2C2824C000850318 = {
						CreatedOnToolsVersion = 15.1;
						TestTargetID = 67B74CAC2C2824BE00850318;
					};
				};
			};
			buildConfigurationList = 67B74CA82C2824BE00850318 /* Build configuration list for PBXProject "TapApp" */;
			compatibilityVersion = "Xcode 14.0";
			developmentRegion = en;
			hasScannedForEncodings = 0;
			knownRegions = (
				en,
				Base,
			);
			mainGroup = 67B74CA42C2824BE00850318;
			productRefGroup = 67B74CAE2C2824BE00850318 /* Products */;
			projectDirPath = "";
			projectRoot = "";
			targets = (
				67B74CAC2C2824BE00850318 /* TapApp */,
				67B74CC52C2824C000850318 /* TapAppTests */,
				67B74CCF2C2824C000850318 /* TapAppUITests */,
			);
		};
/* End PBXProject section */

/* Begin PBXResourcesBuildPhase section */
		67B74CAB2C2824BE00850318 /* Resources */ = {
			isa = PBXResourcesBuildPhase;
			buildActionMask = 2147483647;
			files = (
				67B74CC02C2824C000850318 /* LaunchScreen.storyboard in Resources */,
				67B74CBD2C2824BF00850318 /* Assets.xcassets in Resources */,
				67B74CB82C2824BE00850318 /* Main.storyboard in Resources */,
			);
			runOnlyForDeploymentPostprocessing = 0;
		};
		67B74CC42C2824C000850318 /* Resources */ = {
			isa = PBXResourcesBuildPhase;
			buildActionMask = 2147483647;
			files = (
			);
			runOnlyForDeploymentPostprocessing = 0;
		};
		67B74CCE2C2824C000850318 /* Resources */ = {
			isa = PBXResourcesBuildPhase;
			buildActionMask = 2147483647;
			files = (
			);
			runOnlyForDeploymentPostprocessing = 0;
		};
/* End PBXResourcesBuildPhase section */

/* Begin PBXSourcesBuildPhase section */
		67B74CA92C2824BE00850318 /* Sources */ = {
			isa = PBXSourcesBuildPhase;
			buildActionMask = 2147483647;
			files = (
				67B74CB52C2824BE00850318 /* ZikirlerVC.swift in Sources */,
				67B74CE42C2828B300850318 /* ZikirVC.swift in Sources */,
				67B74CBB2C2824BE00850318 /* TapApp.xcdatamodeld in Sources */,
				67B74CE62C2828E500850318 /* ZikirCell.swift in Sources */,
				67B74CB12C2824BE00850318 /* AppDelegate.swift in Sources */,
				67B74CE82C282C9800850318 /* ZikirAddVC.swift in Sources */,
				67B74CB32C2824BE00850318 /* SceneDelegate.swift in Sources */,
			);
			runOnlyForDeploymentPostprocessing = 0;
		};
		67B74CC22C2824C000850318 /* Sources */ = {
			isa = PBXSourcesBuildPhase;
			buildActionMask = 2147483647;
			files = (
				67B74CCB2C2824C000850318 /* TapAppTests.swift in Sources */,
			);
			runOnlyForDeploymentPostprocessing = 0;
		};
		67B74CCC2C2824C000850318 /* Sources */ = {
			isa = PBXSourcesBuildPhase;
			buildActionMask = 2147483647;
			files = (
				67B74CD72C2824C000850318 /* TapAppUITestsLaunchTests.swift in Sources */,
				67B74CD52C2824C000850318 /* TapAppUITests.swift in Sources */,
			);
			runOnlyForDeploymentPostprocessing = 0;
		};
/* End PBXSourcesBuildPhase section */

/* Begin PBXTargetDependency section */
		67B74CC82C2824C000850318 /* PBXTargetDependency */ = {
			isa = PBXTargetDependency;
			target = 67B74CAC2C2824BE00850318 /* TapApp */;
			targetProxy = 67B74CC72C2824C000850318 /* PBXContainerItemProxy */;
		};
		67B74CD22C2824C000850318 /* PBXTargetDependency */ = {
			isa = PBXTargetDependency;
			target = 67B74CAC2C2824BE00850318 /* TapApp */;
			targetProxy = 67B74CD12C2824C000850318 /* PBXContainerItemProxy */;
		};
/* End PBXTargetDependency section */

/* Begin PBXVariantGroup section */
		67B74CB62C2824BE00850318 /* Main.storyboard */ = {
			isa = PBXVariantGroup;
			children = (
				67B74CB72C2824BE00850318 /* Base */,
			);
			name = Main.storyboard;
			sourceTree = "<group>";
		};
		67B74CBE2C2824C000850318 /* LaunchScreen.storyboard */ = {
			isa = PBXVariantGroup;
			children = (
				67B74CBF2C2824C000850318 /* Base */,
			);
			name = LaunchScreen.storyboard;
			sourceTree = "<group>";
		};
/* End PBXVariantGroup section */

/* Begin XCBuildConfiguration section */
		67B74CD82C2824C000850318 /* Debug */ = {
			isa = XCBuildConfiguration;
			buildSettings = {
				ALWAYS_SEARCH_USER_PATHS = NO;
				ASSETCATALOG_COMPILER_GENERATE_SWIFT_ASSET_SYMBOL_EXTENSIONS = YES;
				CLANG_ANALYZER_NONNULL = YES;
				CLANG_ANALYZER_NUMBER_OBJECT_CONVERSION = YES_AGGRESSIVE;
				CLANG_CXX_LANGUAGE_STANDARD = "gnu++20";
				CLANG_ENABLE_MODULES = YES;
				CLANG_ENABLE_OBJC_ARC = YES;
				CLANG_ENABLE_OBJC_WEAK = YES;
				CLANG_WARN_BLOCK_CAPTURE_AUTORELEASING = YES;
				CLANG_WARN_BOOL_CONVERSION = YES;
				CLANG_WARN_COMMA = YES;
				CLANG_WARN_CONSTANT_CONVERSION = YES;
				CLANG_WARN_DEPRECATED_OBJC_IMPLEMENTATIONS = YES;
				CLANG_WARN_DIRECT_OBJC_ISA_USAGE = YES_ERROR;
				CLANG_WARN_DOCUMENTATION_COMMENTS = YES;
				CLANG_WARN_EMPTY_BODY = YES;
				CLANG_WARN_ENUM_CONVERSION = YES;
				CLANG_WARN_INFINITE_RECURSION = YES;
				CLANG_WARN_INT_CONVERSION = YES;
				CLANG_WARN_NON_LITERAL_NULL_CONVERSION = YES;
				CLANG_WARN_OBJC_IMPLICIT_RETAIN_SELF = YES;
				CLANG_WARN_OBJC_LITERAL_CONVERSION = YES;
				CLANG_WARN_OBJC_ROOT_CLASS = YES_ERROR;
				CLANG_WARN_QUOTED_INCLUDE_IN_FRAMEWORK_HEADER = YES;
				CLANG_WARN_RANGE_LOOP_ANALYSIS = YES;
				CLANG_WARN_STRICT_PROTOTYPES = YES;
				CLANG_WARN_SUSPICIOUS_MOVE = YES;
				CLANG_WARN_UNGUARDED_AVAILABILITY = YES_AGGRESSIVE;
				CLANG_WARN_UNREACHABLE_CODE = YES;
				CLANG_WARN__DUPLICATE_METHOD_MATCH = YES;
				COPY_PHASE_STRIP = NO;
				DEBUG_INFORMATION_FORMAT = dwarf;
				ENABLE_STRICT_OBJC_MSGSEND = YES;
				ENABLE_TESTABILITY = YES;
				ENABLE_USER_SCRIPT_SANDBOXING = YES;
				GCC_C_LANGUAGE_STANDARD = gnu17;
				GCC_DYNAMIC_NO_PIC = NO;
				GCC_NO_COMMON_BLOCKS = YES;
				GCC_OPTIMIZATION_LEVEL = 0;
				GCC_PREPROCESSOR_DEFINITIONS = (
					"DEBUG=1",
					"$(inherited)",
				);
				GCC_WARN_64_TO_32_BIT_CONVERSION = YES;
				GCC_WARN_ABOUT_RETURN_TYPE = YES_ERROR;
				GCC_WARN_UNDECLARED_SELECTOR = YES;
				GCC_WARN_UNINITIALIZED_AUTOS = YES_AGGRESSIVE;
				GCC_WARN_UNUSED_FUNCTION = YES;
				GCC_WARN_UNUSED_VARIABLE = YES;
				IPHONEOS_DEPLOYMENT_TARGET = 17.2;
				LOCALIZATION_PREFERS_STRING_CATALOGS = YES;
				MTL_ENABLE_DEBUG_INFO = INCLUDE_SOURCE;
				MTL_FAST_MATH = YES;
				ONLY_ACTIVE_ARCH = YES;
				SDKROOT = iphoneos;
				SWIFT_ACTIVE_COMPILATION_CONDITIONS = "DEBUG $(inherited)";
				SWIFT_OPTIMIZATION_LEVEL = "-Onone";
			};
			name = Debug;
		};
		67B74CD92C2824C000850318 /* Release */ = {
			isa = XCBuildConfiguration;
			buildSettings = {
				ALWAYS_SEARCH_USER_PATHS = NO;
				ASSETCATALOG_COMPILER_GENERATE_SWIFT_ASSET_SYMBOL_EXTENSIONS = YES;
				CLANG_ANALYZER_NONNULL = YES;
				CLANG_ANALYZER_NUMBER_OBJECT_CONVERSION = YES_AGGRESSIVE;
				CLANG_CXX_LANGUAGE_STANDARD = "gnu++20";
				CLANG_ENABLE_MODULES = YES;
				CLANG_ENABLE_OBJC_ARC = YES;
				CLANG_ENABLE_OBJC_WEAK = YES;
				CLANG_WARN_BLOCK_CAPTURE_AUTORELEASING = YES;
				CLANG_WARN_BOOL_CONVERSION = YES;
				CLANG_WARN_COMMA = YES;
				CLANG_WARN_CONSTANT_CONVERSION = YES;
				CLANG_WARN_DEPRECATED_OBJC_IMPLEMENTATIONS = YES;
				CLANG_WARN_DIRECT_OBJC_ISA_USAGE = YES_ERROR;
				CLANG_WARN_DOCUMENTATION_COMMENTS = YES;
				CLANG_WARN_EMPTY_BODY = YES;
				CLANG_WARN_ENUM_CONVERSION = YES;
				CLANG_WARN_INFINITE_RECURSION = YES;
				CLANG_WARN_INT_CONVERSION = YES;
				CLANG_WARN_NON_LITERAL_NULL_CONVERSION = YES;
				CLANG_WARN_OBJC_IMPLICIT_RETAIN_SELF = YES;
				CLANG_WARN_OBJC_LITERAL_CONVERSION = YES;
				CLANG_WARN_OBJC_ROOT_CLASS = YES_ERROR;
				CLANG_WARN_QUOTED_INCLUDE_IN_FRAMEWORK_HEADER = YES;
				CLANG_WARN_RANGE_LOOP_ANALYSIS = YES;
				CLANG_WARN_STRICT_PROTOTYPES = YES;
				CLANG_WARN_SUSPICIOUS_MOVE = YES;
				CLANG_WARN_UNGUARDED_AVAILABILITY = YES_AGGRESSIVE;
				CLANG_WARN_UNREACHABLE_CODE = YES;
				CLANG_WARN__DUPLICATE_METHOD_MATCH = YES;
				COPY_PHASE_STRIP = NO;
				DEBUG_INFORMATION_FORMAT = "dwarf-with-dsym";
				ENABLE_NS_ASSERTIONS = NO;
				ENABLE_STRICT_OBJC_MSGSEND = YES;
				ENABLE_USER_SCRIPT_SANDBOXING = YES;
				GCC_C_LANGUAGE_STANDARD = gnu17;
				GCC_NO_COMMON_BLOCKS = YES;
				GCC_WARN_64_TO_32_BIT_CONVERSION = YES;
				GCC_WARN_ABOUT_RETURN_TYPE = YES_ERROR;
				GCC_WARN_UNDECLARED_SELECTOR = YES;
				GCC_WARN_UNINITIALIZED_AUTOS = YES_AGGRESSIVE;
				GCC_WARN_UNUSED_FUNCTION = YES;
				GCC_WARN_UNUSED_VARIABLE = YES;
				IPHONEOS_DEPLOYMENT_TARGET = 17.2;
				LOCALIZATION_PREFERS_STRING_CATALOGS = YES;
				MTL_ENABLE_DEBUG_INFO = NO;
				MTL_FAST_MATH = YES;
				SDKROOT = iphoneos;
				SWIFT_COMPILATION_MODE = wholemodule;
				VALIDATE_PRODUCT = YES;
			};
			name = Release;
		};
		67B74CDB2C2824C000850318 /* Debug */ = {
			isa = XCBuildConfiguration;
			buildSettings = {
				ASSETCATALOG_COMPILER_APPICON_NAME = AppIcon;
				ASSETCATALOG_COMPILER_GLOBAL_ACCENT_COLOR_NAME = AccentColor;
				CODE_SIGN_STYLE = Automatic;
				CURRENT_PROJECT_VERSION = 1;
				GENERATE_INFOPLIST_FILE = YES;
				INFOPLIST_FILE = TapApp/Info.plist;
				INFOPLIST_KEY_UIApplicationSupportsIndirectInputEvents = YES;
				INFOPLIST_KEY_UILaunchStoryboardName = LaunchScreen;
				INFOPLIST_KEY_UIMainStoryboardFile = Main;
				INFOPLIST_KEY_UISupportedInterfaceOrientations_iPad = "UIInterfaceOrientationPortrait UIInterfaceOrientationPortraitUpsideDown UIInterfaceOrientationLandscapeLeft UIInterfaceOrientationLandscapeRight";
				INFOPLIST_KEY_UISupportedInterfaceOrientations_iPhone = "UIInterfaceOrientationPortrait UIInterfaceOrientationLandscapeLeft UIInterfaceOrientationLandscapeRight";
				LD_RUNPATH_SEARCH_PATHS = (
					"$(inherited)",
					"@executable_path/Frameworks",
				);
				MARKETING_VERSION = 1.0;
				PRODUCT_BUNDLE_IDENTIFIER = safakselimsofioglu.TapApp;
				PRODUCT_NAME = "$(TARGET_NAME)";
				SWIFT_EMIT_LOC_STRINGS = YES;
				SWIFT_VERSION = 5.0;
				TARGETED_DEVICE_FAMILY = "1,2";
			};
			name = Debug;
		};
		67B74CDC2C2824C000850318 /* Release */ = {
			isa = XCBuildConfiguration;
			buildSettings = {
				ASSETCATALOG_COMPILER_APPICON_NAME = AppIcon;
				ASSETCATALOG_COMPILER_GLOBAL_ACCENT_COLOR_NAME = AccentColor;
				CODE_SIGN_STYLE = Automatic;
				CURRENT_PROJECT_VERSION = 1;
				GENERATE_INFOPLIST_FILE = YES;
				INFOPLIST_FILE = TapApp/Info.plist;
				INFOPLIST_KEY_UIApplicationSupportsIndirectInputEvents = YES;
				INFOPLIST_KEY_UILaunchStoryboardName = LaunchScreen;
				INFOPLIST_KEY_UIMainStoryboardFile = Main;
				INFOPLIST_KEY_UISupportedInterfaceOrientations_iPad = "UIInterfaceOrientationPortrait UIInterfaceOrientationPortraitUpsideDown UIInterfaceOrientationLandscapeLeft UIInterfaceOrientationLandscapeRight";
				INFOPLIST_KEY_UISupportedInterfaceOrientations_iPhone = "UIInterfaceOrientationPortrait UIInterfaceOrientationLandscapeLeft UIInterfaceOrientationLandscapeRight";
				LD_RUNPATH_SEARCH_PATHS = (
					"$(inherited)",
					"@executable_path/Frameworks",
				);
				MARKETING_VERSION = 1.0;
				PRODUCT_BUNDLE_IDENTIFIER = safakselimsofioglu.TapApp;
				PRODUCT_NAME = "$(TARGET_NAME)";
				SWIFT_EMIT_LOC_STRINGS = YES;
				SWIFT_VERSION = 5.0;
				TARGETED_DEVICE_FAMILY = "1,2";
			};
			name = Release;
		};
		67B74CDE2C2824C000850318 /* Debug */ = {
			isa = XCBuildConfiguration;
			buildSettings = {
				ALWAYS_EMBED_SWIFT_STANDARD_LIBRARIES = YES;
				BUNDLE_LOADER = "$(TEST_HOST)";
				CODE_SIGN_STYLE = Automatic;
				CURRENT_PROJECT_VERSION = 1;
				GENERATE_INFOPLIST_FILE = YES;
				IPHONEOS_DEPLOYMENT_TARGET = 17.2;
				MARKETING_VERSION = 1.0;
				PRODUCT_BUNDLE_IDENTIFIER = safakselimsofioglu.TapAppTests;
				PRODUCT_NAME = "$(TARGET_NAME)";
				SWIFT_EMIT_LOC_STRINGS = NO;
				SWIFT_VERSION = 5.0;
				TARGETED_DEVICE_FAMILY = "1,2";
				TEST_HOST = "$(BUILT_PRODUCTS_DIR)/TapApp.app/$(BUNDLE_EXECUTABLE_FOLDER_PATH)/TapApp";
			};
			name = Debug;
		};
		67B74CDF2C2824C000850318 /* Release */ = {
			isa = XCBuildConfiguration;
			buildSettings = {
				ALWAYS_EMBED_SWIFT_STANDARD_LIBRARIES = YES;
				BUNDLE_LOADER = "$(TEST_HOST)";
				CODE_SIGN_STYLE = Automatic;
				CURRENT_PROJECT_VERSION = 1;
				GENERATE_INFOPLIST_FILE = YES;
				IPHONEOS_DEPLOYMENT_TARGET = 17.2;
				MARKETING_VERSION = 1.0;
				PRODUCT_BUNDLE_IDENTIFIER = safakselimsofioglu.TapAppTests;
				PRODUCT_NAME = "$(TARGET_NAME)";
				SWIFT_EMIT_LOC_STRINGS = NO;
				SWIFT_VERSION = 5.0;
				TARGETED_DEVICE_FAMILY = "1,2";
				TEST_HOST = "$(BUILT_PRODUCTS_DIR)/TapApp.app/$(BUNDLE_EXECUTABLE_FOLDER_PATH)/TapApp";
			};
			name = Release;
		};
		67B74CE12C2824C000850318 /* Debug */ = {
			isa = XCBuildConfiguration;
			buildSettings = {
				ALWAYS_EMBED_SWIFT_STANDARD_LIBRARIES = YES;
				CODE_SIGN_STYLE = Automatic;
				CURRENT_PROJECT_VERSION = 1;
				GENERATE_INFOPLIST_FILE = YES;
				MARKETING_VERSION = 1.0;
				PRODUCT_BUNDLE_IDENTIFIER = safakselimsofioglu.TapAppUITests;
				PRODUCT_NAME = "$(TARGET_NAME)";
				SWIFT_EMIT_LOC_STRINGS = NO;
				SWIFT_VERSION = 5.0;
				TARGETED_DEVICE_FAMILY = "1,2";
				TEST_TARGET_NAME = TapApp;
			};
			name = Debug;
		};
		67B74CE22C2824C000850318 /* Release */ = {
			isa = XCBuildConfiguration;
			buildSettings = {
				ALWAYS_EMBED_SWIFT_STANDARD_LIBRARIES = YES;
				CODE_SIGN_STYLE = Automatic;
				CURRENT_PROJECT_VERSION = 1;
				GENERATE_INFOPLIST_FILE = YES;
				MARKETING_VERSION = 1.0;
				PRODUCT_BUNDLE_IDENTIFIER = safakselimsofioglu.TapAppUITests;
				PRODUCT_NAME = "$(TARGET_NAME)";
				SWIFT_EMIT_LOC_STRINGS = NO;
				SWIFT_VERSION = 5.0;
				TARGETED_DEVICE_FAMILY = "1,2";
				TEST_TARGET_NAME = TapApp;
			};
			name = Release;
		};
/* End XCBuildConfiguration section */

/* Begin XCConfigurationList section */
		67B74CA82C2824BE00850318 /* Build configuration list for PBXProject "TapApp" */ = {
			isa = XCConfigurationList;
			buildConfigurations = (
				67B74CD82C2824C000850318 /* Debug */,
				67B74CD92C2824C000850318 /* Release */,
			);
			defaultConfigurationIsVisible = 0;
			defaultConfigurationName = Release;
		};
		67B74CDA2C2824C000850318 /* Build configuration list for PBXNativeTarget "TapApp" */ = {
			isa = XCConfigurationList;
			buildConfigurations = (
				67B74CDB2C2824C000850318 /* Debug */,
				67B74CDC2C2824C000850318 /* Release */,
			);
			defaultConfigurationIsVisible = 0;
			defaultConfigurationName = Release;
		};
		67B74CDD2C2824C000850318 /* Build configuration list for PBXNativeTarget "TapAppTests" */ = {
			isa = XCConfigurationList;
			buildConfigurations = (
				67B74CDE2C2824C000850318 /* Debug */,
				67B74CDF2C2824C000850318 /* Release */,
			);
			defaultConfigurationIsVisible = 0;
			defaultConfigurationName = Release;
		};
		67B74CE02C2824C000850318 /* Build configuration list for PBXNativeTarget "TapAppUITests" */ = {
			isa = XCConfigurationList;
			buildConfigurations = (
				67B74CE12C2824C000850318 /* Debug */,
				67B74CE22C2824C000850318 /* Release */,
			);
			defaultConfigurationIsVisible = 0;
			defaultConfigurationName = Release;
		};
/* End XCConfigurationList section */

/* Begin XCVersionGroup section */
		67B74CB92C2824BE00850318 /* TapApp.xcdatamodeld */ = {
			isa = XCVersionGroup;
			children = (
				67B74CBA2C2824BE00850318 /* TapApp.xcdatamodel */,
			);
			currentVersion = 67B74CBA2C2824BE00850318 /* TapApp.xcdatamodel */;
			path = TapApp.xcdatamodeld;
			sourceTree = "<group>";
			versionGroupType = wrapper.xcdatamodel;
		};
/* End XCVersionGroup section */
	};
	rootObject = 67B74CA52C2824BE00850318 /* Project object */;
}
