// !$*UTF8*$!
{
	archiveVersion = 1;
	classes = {
	};
	objectVersion = 56;
	objects = {

/* Begin PBXBuildFile section */
		67474DF72C2AB5E800FAA69A /* AppDelegate.swift in Sources */ = {isa = PBXBuildFile; fileRef = 67474DF62C2AB5E800FAA69A /* AppDelegate.swift */; };
		67474DF92C2AB5E800FAA69A /* SceneDelegate.swift in Sources */ = {isa = PBXBuildFile; fileRef = 67474DF82C2AB5E800FAA69A /* SceneDelegate.swift */; };
		67474DFB2C2AB5E800FAA69A /* MainTabBarController.swift in Sources */ = {isa = PBXBuildFile; fileRef = 67474DFA2C2AB5E800FAA69A /* MainTabBarController.swift */; };
		67474E002C2AB5EA00FAA69A /* Assets.xcassets in Resources */ = {isa = PBXBuildFile; fileRef = 67474DFF2C2AB5EA00FAA69A /* Assets.xcassets */; };
		67474E032C2AB5EA00FAA69A /* LaunchScreen.storyboard in Resources */ = {isa = PBXBuildFile; fileRef = 67474E012C2AB5EA00FAA69A /* LaunchScreen.storyboard */; };
		67474E152C2AB6CF00FAA69A /* HomeViewController.swift in Sources */ = {isa = PBXBuildFile; fileRef = 67474E142C2AB6CF00FAA69A /* HomeViewController.swift */; };
		67474E172C2AB6DB00FAA69A /* UpComingViewController.swift in Sources */ = {isa = PBXBuildFile; fileRef = 67474E162C2AB6DB00FAA69A /* UpComingViewController.swift */; };
		67474E192C2AB6E400FAA69A /* SearchViewController.swift in Sources */ = {isa = PBXBuildFile; fileRef = 67474E182C2AB6E400FAA69A /* SearchViewController.swift */; };
		67474E1B2C2AB6EF00FAA69A /* DownloadViewController.swift in Sources */ = {isa = PBXBuildFile; fileRef = 67474E1A2C2AB6EF00FAA69A /* DownloadViewController.swift */; };
		67474E1E2C2ABB5200FAA69A /* SnapKit in Frameworks */ = {isa = PBXBuildFile; productRef = 67474E1D2C2ABB5200FAA69A /* SnapKit */; };
		67474E202C2ABB5200FAA69A /* SnapKit-Dynamic in Frameworks */ = {isa = PBXBuildFile; productRef = 67474E1F2C2ABB5200FAA69A /* SnapKit-Dynamic */; };
		67474E232C2ABC3F00FAA69A /* CollectionViewTableViewCell.swift in Sources */ = {isa = PBXBuildFile; fileRef = 67474E222C2ABC3F00FAA69A /* CollectionViewTableViewCell.swift */; };
		67474E252C2ABD3300FAA69A /* CGFloat + Ext.swift in Sources */ = {isa = PBXBuildFile; fileRef = 67474E242C2ABD3300FAA69A /* CGFloat + Ext.swift */; };
		67474E272C2AC25200FAA69A /* MoviewCollectionViewCell.swift in Sources */ = {isa = PBXBuildFile; fileRef = 67474E262C2AC25200FAA69A /* MoviewCollectionViewCell.swift */; };
		67474E2A2C2AC59E00FAA69A /* MainHeroHeaderView.swift in Sources */ = {isa = PBXBuildFile; fileRef = 67474E292C2AC59E00FAA69A /* MainHeroHeaderView.swift */; };
/* End PBXBuildFile section */

/* Begin PBXFileReference section */
		67474DF32C2AB5E800FAA69A /* NetflixApp - MVVM.app */ = {isa = PBXFileReference; explicitFileType = wrapper.application; includeInIndex = 0; path = "NetflixApp - MVVM.app"; sourceTree = BUILT_PRODUCTS_DIR; };
		67474DF62C2AB5E800FAA69A /* AppDelegate.swift */ = {isa = PBXFileReference; lastKnownFileType = sourcecode.swift; path = AppDelegate.swift; sourceTree = "<group>"; };
		67474DF82C2AB5E800FAA69A /* SceneDelegate.swift */ = {isa = PBXFileReference; lastKnownFileType = sourcecode.swift; path = SceneDelegate.swift; sourceTree = "<group>"; };
		67474DFA2C2AB5E800FAA69A /* MainTabBarController.swift */ = {isa = PBXFileReference; lastKnownFileType = sourcecode.swift; path = MainTabBarController.swift; sourceTree = "<group>"; };
		67474DFF2C2AB5EA00FAA69A /* Assets.xcassets */ = {isa = PBXFileReference; lastKnownFileType = folder.assetcatalog; path = Assets.xcassets; sourceTree = "<group>"; };
		67474E022C2AB5EA00FAA69A /* Base */ = {isa = PBXFileReference; lastKnownFileType = file.storyboard; name = Base; path = Base.lproj/LaunchScreen.storyboard; sourceTree = "<group>"; };
		67474E042C2AB5EA00FAA69A /* Info.plist */ = {isa = PBXFileReference; lastKnownFileType = text.plist.xml; path = Info.plist; sourceTree = "<group>"; };
		67474E142C2AB6CF00FAA69A /* HomeViewController.swift */ = {isa = PBXFileReference; lastKnownFileType = sourcecode.swift; path = HomeViewController.swift; sourceTree = "<group>"; };
		67474E162C2AB6DB00FAA69A /* UpComingViewController.swift */ = {isa = PBXFileReference; lastKnownFileType = sourcecode.swift; path = UpComingViewController.swift; sourceTree = "<group>"; };
		67474E182C2AB6E400FAA69A /* SearchViewController.swift */ = {isa = PBXFileReference; lastKnownFileType = sourcecode.swift; path = SearchViewController.swift; sourceTree = "<group>"; };
		67474E1A2C2AB6EF00FAA69A /* DownloadViewController.swift */ = {isa = PBXFileReference; lastKnownFileType = sourcecode.swift; path = DownloadViewController.swift; sourceTree = "<group>"; };
		67474E222C2ABC3F00FAA69A /* CollectionViewTableViewCell.swift */ = {isa = PBXFileReference; lastKnownFileType = sourcecode.swift; path = CollectionViewTableViewCell.swift; sourceTree = "<group>"; };
		67474E242C2ABD3300FAA69A /* CGFloat + Ext.swift */ = {isa = PBXFileReference; lastKnownFileType = sourcecode.swift; path = "CGFloat + Ext.swift"; sourceTree = "<group>"; };
		67474E262C2AC25200FAA69A /* MoviewCollectionViewCell.swift */ = {isa = PBXFileReference; lastKnownFileType = sourcecode.swift; path = MoviewCollectionViewCell.swift; sourceTree = "<group>"; };
		67474E292C2AC59E00FAA69A /* MainHeroHeaderView.swift */ = {isa = PBXFileReference; lastKnownFileType = sourcecode.swift; path = MainHeroHeaderView.swift; sourceTree = "<group>"; };
/* End PBXFileReference section */

/* Begin PBXFrameworksBuildPhase section */
		67474DF02C2AB5E800FAA69A /* Frameworks */ = {
			isa = PBXFrameworksBuildPhase;
			buildActionMask = 2147483647;
			files = (
				67474E1E2C2ABB5200FAA69A /* SnapKit in Frameworks */,
				67474E202C2ABB5200FAA69A /* SnapKit-Dynamic in Frameworks */,
			);
			runOnlyForDeploymentPostprocessing = 0;
		};
/* End PBXFrameworksBuildPhase section */

/* Begin PBXGroup section */
		67474DEA2C2AB5E800FAA69A = {
			isa = PBXGroup;
			children = (
				67474DF52C2AB5E800FAA69A /* NetflixApp - MVVM */,
				67474DF42C2AB5E800FAA69A /* Products */,
			);
			sourceTree = "<group>";
		};
		67474DF42C2AB5E800FAA69A /* Products */ = {
			isa = PBXGroup;
			children = (
				67474DF32C2AB5E800FAA69A /* NetflixApp - MVVM.app */,
			);
			name = Products;
			sourceTree = "<group>";
		};
		67474DF52C2AB5E800FAA69A /* NetflixApp - MVVM */ = {
			isa = PBXGroup;
			children = (
				67474E0F2C2AB66F00FAA69A /* Scene */,
				67474E0E2C2AB66500FAA69A /* Extensions */,
				67474E0D2C2AB66100FAA69A /* Model */,
				67474E0C2C2AB65B00FAA69A /* Service */,
				67474E0B2C2AB65400FAA69A /* Manager */,
				67474E0A2C2AB63C00FAA69A /* Support */,
			);
			path = "NetflixApp - MVVM";
			sourceTree = "<group>";
		};
		67474E0A2C2AB63C00FAA69A /* Support */ = {
			isa = PBXGroup;
			children = (
				67474DF62C2AB5E800FAA69A /* AppDelegate.swift */,
				67474DF82C2AB5E800FAA69A /* SceneDelegate.swift */,
				67474DFF2C2AB5EA00FAA69A /* Assets.xcassets */,
				67474E012C2AB5EA00FAA69A /* LaunchScreen.storyboard */,
				67474E042C2AB5EA00FAA69A /* Info.plist */,
			);
			path = Support;
			sourceTree = "<group>";
		};
		67474E0B2C2AB65400FAA69A /* Manager */ = {
			isa = PBXGroup;
			children = (
			);
			path = Manager;
			sourceTree = "<group>";
		};
		67474E0C2C2AB65B00FAA69A /* Service */ = {
			isa = PBXGroup;
			children = (
			);
			path = Service;
			sourceTree = "<group>";
		};
		67474E0D2C2AB66100FAA69A /* Model */ = {
			isa = PBXGroup;
			children = (
			);
			path = Model;
			sourceTree = "<group>";
		};
		67474E0E2C2AB66500FAA69A /* Extensions */ = {
			isa = PBXGroup;
			children = (
				67474E242C2ABD3300FAA69A /* CGFloat + Ext.swift */,
			);
			path = Extensions;
			sourceTree = "<group>";
		};
		67474E0F2C2AB66F00FAA69A /* Scene */ = {
			isa = PBXGroup;
			children = (
				67474DFA2C2AB5E800FAA69A /* MainTabBarController.swift */,
				67474E132C2AB6AE00FAA69A /* DownloadVC */,
				67474E122C2AB69600FAA69A /* SearchVC */,
				67474E112C2AB68C00FAA69A /* UpComingVC */,
				67474E102C2AB68100FAA69A /* HomeVC */,
			);
			path = Scene;
			sourceTree = "<group>";
		};
		67474E102C2AB68100FAA69A /* HomeVC */ = {
			isa = PBXGroup;
			children = (
				67474E282C2AC58A00FAA69A /* Views */,
				67474E212C2ABC2D00FAA69A /* Cell */,
				67474E142C2AB6CF00FAA69A /* HomeViewController.swift */,
			);
			path = HomeVC;
			sourceTree = "<group>";
		};
		67474E112C2AB68C00FAA69A /* UpComingVC */ = {
			isa = PBXGroup;
			children = (
				67474E162C2AB6DB00FAA69A /* UpComingViewController.swift */,
			);
			path = UpComingVC;
			sourceTree = "<group>";
		};
		67474E122C2AB69600FAA69A /* SearchVC */ = {
			isa = PBXGroup;
			children = (
				67474E182C2AB6E400FAA69A /* SearchViewController.swift */,
			);
			path = SearchVC;
			sourceTree = "<group>";
		};
		67474E132C2AB6AE00FAA69A /* DownloadVC */ = {
			isa = PBXGroup;
			children = (
				67474E1A2C2AB6EF00FAA69A /* DownloadViewController.swift */,
			);
			path = DownloadVC;
			sourceTree = "<group>";
		};
		67474E212C2ABC2D00FAA69A /* Cell */ = {
			isa = PBXGroup;
			children = (
				67474E222C2ABC3F00FAA69A /* CollectionViewTableViewCell.swift */,
				67474E262C2AC25200FAA69A /* MoviewCollectionViewCell.swift */,
			);
			path = Cell;
			sourceTree = "<group>";
		};
		67474E282C2AC58A00FAA69A /* Views */ = {
			isa = PBXGroup;
			children = (
				67474E292C2AC59E00FAA69A /* MainHeroHeaderView.swift */,
			);
			path = Views;
			sourceTree = "<group>";
		};
/* End PBXGroup section */

/* Begin PBXNativeTarget section */
		67474DF22C2AB5E800FAA69A /* NetflixApp - MVVM */ = {
			isa = PBXNativeTarget;
			buildConfigurationList = 67474E072C2AB5EA00FAA69A /* Build configuration list for PBXNativeTarget "NetflixApp - MVVM" */;
			buildPhases = (
				67474DEF2C2AB5E800FAA69A /* Sources */,
				67474DF02C2AB5E800FAA69A /* Frameworks */,
				67474DF12C2AB5E800FAA69A /* Resources */,
			);
			buildRules = (
			);
			dependencies = (
			);
			name = "NetflixApp - MVVM";
			packageProductDependencies = (
				67474E1D2C2ABB5200FAA69A /* SnapKit */,
				67474E1F2C2ABB5200FAA69A /* SnapKit-Dynamic */,
			);
			productName = "NetflixApp - MVVM";
			productReference = 67474DF32C2AB5E800FAA69A /* NetflixApp - MVVM.app */;
			productType = "com.apple.product-type.application";
		};
/* End PBXNativeTarget section */

/* Begin PBXProject section */
		67474DEB2C2AB5E800FAA69A /* Project object */ = {
			isa = PBXProject;
			attributes = {
				BuildIndependentTargetsInParallel = 1;
				LastSwiftUpdateCheck = 1510;
				LastUpgradeCheck = 1510;
				TargetAttributes = {
					67474DF22C2AB5E800FAA69A = {
						CreatedOnToolsVersion = 15.1;
					};
				};
			};
			buildConfigurationList = 67474DEE2C2AB5E800FAA69A /* Build configuration list for PBXProject "NetflixApp - MVVM" */;
			compatibilityVersion = "Xcode 14.0";
			developmentRegion = en;
			hasScannedForEncodings = 0;
			knownRegions = (
				en,
				Base,
			);
			mainGroup = 67474DEA2C2AB5E800FAA69A;
			packageReferences = (
				67474E1C2C2ABB5200FAA69A /* XCRemoteSwiftPackageReference "SnapKit" */,
			);
			productRefGroup = 67474DF42C2AB5E800FAA69A /* Products */;
			projectDirPath = "";
			projectRoot = "";
			targets = (
				67474DF22C2AB5E800FAA69A /* NetflixApp - MVVM */,
			);
		};
/* End PBXProject section */

/* Begin PBXResourcesBuildPhase section */
		67474DF12C2AB5E800FAA69A /* Resources */ = {
			isa = PBXResourcesBuildPhase;
			buildActionMask = 2147483647;
			files = (
				67474E032C2AB5EA00FAA69A /* LaunchScreen.storyboard in Resources */,
				67474E002C2AB5EA00FAA69A /* Assets.xcassets in Resources */,
			);
			runOnlyForDeploymentPostprocessing = 0;
		};
/* End PBXResourcesBuildPhase section */

/* Begin PBXSourcesBuildPhase section */
		67474DEF2C2AB5E800FAA69A /* Sources */ = {
			isa = PBXSourcesBuildPhase;
			buildActionMask = 2147483647;
			files = (
				67474E192C2AB6E400FAA69A /* SearchViewController.swift in Sources */,
				67474DFB2C2AB5E800FAA69A /* MainTabBarController.swift in Sources */,
				67474E232C2ABC3F00FAA69A /* CollectionViewTableViewCell.swift in Sources */,
				67474DF72C2AB5E800FAA69A /* AppDelegate.swift in Sources */,
				67474E1B2C2AB6EF00FAA69A /* DownloadViewController.swift in Sources */,
				67474E252C2ABD3300FAA69A /* CGFloat + Ext.swift in Sources */,
				67474E172C2AB6DB00FAA69A /* UpComingViewController.swift in Sources */,
				67474E2A2C2AC59E00FAA69A /* MainHeroHeaderView.swift in Sources */,
				67474DF92C2AB5E800FAA69A /* SceneDelegate.swift in Sources */,
				67474E152C2AB6CF00FAA69A /* HomeViewController.swift in Sources */,
				67474E272C2AC25200FAA69A /* MoviewCollectionViewCell.swift in Sources */,
			);
			runOnlyForDeploymentPostprocessing = 0;
		};
/* End PBXSourcesBuildPhase section */

/* Begin PBXVariantGroup section */
		67474E012C2AB5EA00FAA69A /* LaunchScreen.storyboard */ = {
			isa = PBXVariantGroup;
			children = (
				67474E022C2AB5EA00FAA69A /* Base */,
			);
			name = LaunchScreen.storyboard;
			sourceTree = "<group>";
		};
/* End PBXVariantGroup section */

/* Begin XCBuildConfiguration section */
		67474E052C2AB5EA00FAA69A /* Debug */ = {
			isa = XCBuildConfiguration;
			buildSettings = {
				ALWAYS_SEARCH_USER_PATHS = NO;
				ASSETCATALOG_COMPILER_GENERATE_SWIFT_ASSET_SYMBOL_EXTENSIONS = YES;
				CLANG_ANALYZER_NONNULL = YES;
				CLANG_ANALYZER_NUMBER_OBJECT_CONVERSION = YES_AGGRESSIVE;
				CLANG_CXX_LANGUAGE_STANDARD = "gnu++20";
				CLANG_ENABLE_MODULES = YES;
				CLANG_ENABLE_OBJC_ARC = YES;
				CLANG_ENABLE_OBJC_WEAK = YES;
				CLANG_WARN_BLOCK_CAPTURE_AUTORELEASING = YES;
				CLANG_WARN_BOOL_CONVERSION = YES;
				CLANG_WARN_COMMA = YES;
				CLANG_WARN_CONSTANT_CONVERSION = YES;
				CLANG_WARN_DEPRECATED_OBJC_IMPLEMENTATIONS = YES;
				CLANG_WARN_DIRECT_OBJC_ISA_USAGE = YES_ERROR;
				CLANG_WARN_DOCUMENTATION_COMMENTS = YES;
				CLANG_WARN_EMPTY_BODY = YES;
				CLANG_WARN_ENUM_CONVERSION = YES;
				CLANG_WARN_INFINITE_RECURSION = YES;
				CLANG_WARN_INT_CONVERSION = YES;
				CLANG_WARN_NON_LITERAL_NULL_CONVERSION = YES;
				CLANG_WARN_OBJC_IMPLICIT_RETAIN_SELF = YES;
				CLANG_WARN_OBJC_LITERAL_CONVERSION = YES;
				CLANG_WARN_OBJC_ROOT_CLASS = YES_ERROR;
				CLANG_WARN_QUOTED_INCLUDE_IN_FRAMEWORK_HEADER = YES;
				CLANG_WARN_RANGE_LOOP_ANALYSIS = YES;
				CLANG_WARN_STRICT_PROTOTYPES = YES;
				CLANG_WARN_SUSPICIOUS_MOVE = YES;
				CLANG_WARN_UNGUARDED_AVAILABILITY = YES_AGGRESSIVE;
				CLANG_WARN_UNREACHABLE_CODE = YES;
				CLANG_WARN__DUPLICATE_METHOD_MATCH = YES;
				COPY_PHASE_STRIP = NO;
				DEBUG_INFORMATION_FORMAT = dwarf;
				ENABLE_STRICT_OBJC_MSGSEND = YES;
				ENABLE_TESTABILITY = YES;
				ENABLE_USER_SCRIPT_SANDBOXING = YES;
				GCC_C_LANGUAGE_STANDARD = gnu17;
				GCC_DYNAMIC_NO_PIC = NO;
				GCC_NO_COMMON_BLOCKS = YES;
				GCC_OPTIMIZATION_LEVEL = 0;
				GCC_PREPROCESSOR_DEFINITIONS = (
					"DEBUG=1",
					"$(inherited)",
				);
				GCC_WARN_64_TO_32_BIT_CONVERSION = YES;
				GCC_WARN_ABOUT_RETURN_TYPE = YES_ERROR;
				GCC_WARN_UNDECLARED_SELECTOR = YES;
				GCC_WARN_UNINITIALIZED_AUTOS = YES_AGGRESSIVE;
				GCC_WARN_UNUSED_FUNCTION = YES;
				GCC_WARN_UNUSED_VARIABLE = YES;
				IPHONEOS_DEPLOYMENT_TARGET = 17.2;
				LOCALIZATION_PREFERS_STRING_CATALOGS = YES;
				MTL_ENABLE_DEBUG_INFO = INCLUDE_SOURCE;
				MTL_FAST_MATH = YES;
				ONLY_ACTIVE_ARCH = YES;
				SDKROOT = iphoneos;
				SWIFT_ACTIVE_COMPILATION_CONDITIONS = "DEBUG $(inherited)";
				SWIFT_OPTIMIZATION_LEVEL = "-Onone";
			};
			name = Debug;
		};
		67474E062C2AB5EA00FAA69A /* Release */ = {
			isa = XCBuildConfiguration;
			buildSettings = {
				ALWAYS_SEARCH_USER_PATHS = NO;
				ASSETCATALOG_COMPILER_GENERATE_SWIFT_ASSET_SYMBOL_EXTENSIONS = YES;
				CLANG_ANALYZER_NONNULL = YES;
				CLANG_ANALYZER_NUMBER_OBJECT_CONVERSION = YES_AGGRESSIVE;
				CLANG_CXX_LANGUAGE_STANDARD = "gnu++20";
				CLANG_ENABLE_MODULES = YES;
				CLANG_ENABLE_OBJC_ARC = YES;
				CLANG_ENABLE_OBJC_WEAK = YES;
				CLANG_WARN_BLOCK_CAPTURE_AUTORELEASING = YES;
				CLANG_WARN_BOOL_CONVERSION = YES;
				CLANG_WARN_COMMA = YES;
				CLANG_WARN_CONSTANT_CONVERSION = YES;
				CLANG_WARN_DEPRECATED_OBJC_IMPLEMENTATIONS = YES;
				CLANG_WARN_DIRECT_OBJC_ISA_USAGE = YES_ERROR;
				CLANG_WARN_DOCUMENTATION_COMMENTS = YES;
				CLANG_WARN_EMPTY_BODY = YES;
				CLANG_WARN_ENUM_CONVERSION = YES;
				CLANG_WARN_INFINITE_RECURSION = YES;
				CLANG_WARN_INT_CONVERSION = YES;
				CLANG_WARN_NON_LITERAL_NULL_CONVERSION = YES;
				CLANG_WARN_OBJC_IMPLICIT_RETAIN_SELF = YES;
				CLANG_WARN_OBJC_LITERAL_CONVERSION = YES;
				CLANG_WARN_OBJC_ROOT_CLASS = YES_ERROR;
				CLANG_WARN_QUOTED_INCLUDE_IN_FRAMEWORK_HEADER = YES;
				CLANG_WARN_RANGE_LOOP_ANALYSIS = YES;
				CLANG_WARN_STRICT_PROTOTYPES = YES;
				CLANG_WARN_SUSPICIOUS_MOVE = YES;
				CLANG_WARN_UNGUARDED_AVAILABILITY = YES_AGGRESSIVE;
				CLANG_WARN_UNREACHABLE_CODE = YES;
				CLANG_WARN__DUPLICATE_METHOD_MATCH = YES;
				COPY_PHASE_STRIP = NO;
				DEBUG_INFORMATION_FORMAT = "dwarf-with-dsym";
				ENABLE_NS_ASSERTIONS = NO;
				ENABLE_STRICT_OBJC_MSGSEND = YES;
				ENABLE_USER_SCRIPT_SANDBOXING = YES;
				GCC_C_LANGUAGE_STANDARD = gnu17;
				GCC_NO_COMMON_BLOCKS = YES;
				GCC_WARN_64_TO_32_BIT_CONVERSION = YES;
				GCC_WARN_ABOUT_RETURN_TYPE = YES_ERROR;
				GCC_WARN_UNDECLARED_SELECTOR = YES;
				GCC_WARN_UNINITIALIZED_AUTOS = YES_AGGRESSIVE;
				GCC_WARN_UNUSED_FUNCTION = YES;
				GCC_WARN_UNUSED_VARIABLE = YES;
				IPHONEOS_DEPLOYMENT_TARGET = 17.2;
				LOCALIZATION_PREFERS_STRING_CATALOGS = YES;
				MTL_ENABLE_DEBUG_INFO = NO;
				MTL_FAST_MATH = YES;
				SDKROOT = iphoneos;
				SWIFT_COMPILATION_MODE = wholemodule;
				VALIDATE_PRODUCT = YES;
			};
			name = Release;
		};
		67474E082C2AB5EA00FAA69A /* Debug */ = {
			isa = XCBuildConfiguration;
			buildSettings = {
				ASSETCATALOG_COMPILER_APPICON_NAME = AppIcon;
				ASSETCATALOG_COMPILER_GLOBAL_ACCENT_COLOR_NAME = AccentColor;
				CODE_SIGN_STYLE = Automatic;
				CURRENT_PROJECT_VERSION = 1;
				GENERATE_INFOPLIST_FILE = YES;
				INFOPLIST_FILE = "NetflixApp - MVVM//Support/Info.plist";
				INFOPLIST_KEY_UIApplicationSupportsIndirectInputEvents = YES;
				INFOPLIST_KEY_UILaunchStoryboardName = LaunchScreen;
				INFOPLIST_KEY_UISupportedInterfaceOrientations_iPad = "UIInterfaceOrientationPortrait UIInterfaceOrientationPortraitUpsideDown UIInterfaceOrientationLandscapeLeft UIInterfaceOrientationLandscapeRight";
				INFOPLIST_KEY_UISupportedInterfaceOrientations_iPhone = "UIInterfaceOrientationPortrait UIInterfaceOrientationLandscapeLeft UIInterfaceOrientationLandscapeRight";
				LD_RUNPATH_SEARCH_PATHS = (
					"$(inherited)",
					"@executable_path/Frameworks",
				);
				MARKETING_VERSION = 1.0;
				PRODUCT_BUNDLE_IDENTIFIER = "safakselimsofioglu.NetflixApp---MVVM";
				PRODUCT_NAME = "$(TARGET_NAME)";
				SWIFT_EMIT_LOC_STRINGS = YES;
				SWIFT_VERSION = 5.0;
				TARGETED_DEVICE_FAMILY = "1,2";
			};
			name = Debug;
		};
		67474E092C2AB5EA00FAA69A /* Release */ = {
			isa = XCBuildConfiguration;
			buildSettings = {
				ASSETCATALOG_COMPILER_APPICON_NAME = AppIcon;
				ASSETCATALOG_COMPILER_GLOBAL_ACCENT_COLOR_NAME = AccentColor;
				CODE_SIGN_STYLE = Automatic;
				CURRENT_PROJECT_VERSION = 1;
				GENERATE_INFOPLIST_FILE = YES;
				INFOPLIST_FILE = "NetflixApp - MVVM//Support/Info.plist";
				INFOPLIST_KEY_UIApplicationSupportsIndirectInputEvents = YES;
				INFOPLIST_KEY_UILaunchStoryboardName = LaunchScreen;
				INFOPLIST_KEY_UISupportedInterfaceOrientations_iPad = "UIInterfaceOrientationPortrait UIInterfaceOrientationPortraitUpsideDown UIInterfaceOrientationLandscapeLeft UIInterfaceOrientationLandscapeRight";
				INFOPLIST_KEY_UISupportedInterfaceOrientations_iPhone = "UIInterfaceOrientationPortrait UIInterfaceOrientationLandscapeLeft UIInterfaceOrientationLandscapeRight";
				LD_RUNPATH_SEARCH_PATHS = (
					"$(inherited)",
					"@executable_path/Frameworks",
				);
				MARKETING_VERSION = 1.0;
				PRODUCT_BUNDLE_IDENTIFIER = "safakselimsofioglu.NetflixApp---MVVM";
				PRODUCT_NAME = "$(TARGET_NAME)";
				SWIFT_EMIT_LOC_STRINGS = YES;
				SWIFT_VERSION = 5.0;
				TARGETED_DEVICE_FAMILY = "1,2";
			};
			name = Release;
		};
/* End XCBuildConfiguration section */

/* Begin XCConfigurationList section */
		67474DEE2C2AB5E800FAA69A /* Build configuration list for PBXProject "NetflixApp - MVVM" */ = {
			isa = XCConfigurationList;
			buildConfigurations = (
				67474E052C2AB5EA00FAA69A /* Debug */,
				67474E062C2AB5EA00FAA69A /* Release */,
			);
			defaultConfigurationIsVisible = 0;
			defaultConfigurationName = Release;
		};
		67474E072C2AB5EA00FAA69A /* Build configuration list for PBXNativeTarget "NetflixApp - MVVM" */ = {
			isa = XCConfigurationList;
			buildConfigurations = (
				67474E082C2AB5EA00FAA69A /* Debug */,
				67474E092C2AB5EA00FAA69A /* Release */,
			);
			defaultConfigurationIsVisible = 0;
			defaultConfigurationName = Release;
		};
/* End XCConfigurationList section */

/* Begin XCRemoteSwiftPackageReference section */
		67474E1C2C2ABB5200FAA69A /* XCRemoteSwiftPackageReference "SnapKit" */ = {
			isa = XCRemoteSwiftPackageReference;
			repositoryURL = "https://github.com/SnapKit/SnapKit";
			requirement = {
				kind = upToNextMajorVersion;
				minimumVersion = 5.7.1;
			};
		};
/* End XCRemoteSwiftPackageReference section */

/* Begin XCSwiftPackageProductDependency section */
		67474E1D2C2ABB5200FAA69A /* SnapKit */ = {
			isa = XCSwiftPackageProductDependency;
			package = 67474E1C2C2ABB5200FAA69A /* XCRemoteSwiftPackageReference "SnapKit" */;
			productName = SnapKit;
		};
		67474E1F2C2ABB5200FAA69A /* SnapKit-Dynamic */ = {
			isa = XCSwiftPackageProductDependency;
			package = 67474E1C2C2ABB5200FAA69A /* XCRemoteSwiftPackageReference "SnapKit" */;
			productName = "SnapKit-Dynamic";
		};
/* End XCSwiftPackageProductDependency section */
	};
	rootObject = 67474DEB2C2AB5E800FAA69A /* Project object */;
}
